
Microsoft Visual Studio Solution File, Format Version 12.00
# Visual Studio Version 17
VisualStudioVersion = 17.2.32630.192
MinimumVisualStudioVersion = 10.0.40219.1
Project("{9A19103F-16F7-4668-BE54-9A1E7A4F7556}") = "CalorieCounter", "CalorieCounter\CalorieCounter.csproj", "{30F630BE-B45A-46E9-87D2-F89AEF3060FD}"
EndProject
Project("{9A19103F-16F7-4668-BE54-9A1E7A4F7556}") = "DataLibrary", "DataLibrary\DataLibrary.csproj", "{087116CF-73E6-4A01-A894-9C869099B062}"
EndProject
Project("{2150E333-8FDC-42A3-9474-1A3956D46DE8}") = "Solution Items", "Solution Items", "{96CF5EC3-15A3-46CC-8193-61C102362092}"
	ProjectSection(SolutionItems) = preProject
		.editorconfig = .editorconfig
	EndProjectSection
EndProject
Global
	GlobalSection(SolutionConfigurationPlatforms) = preSolution
		Debug|Any CPU = Debug|Any CPU
		Release|Any CPU = Release|Any CPU
	EndGlobalSection
	GlobalSection(ProjectConfigurationPlatforms) = postSolution
		{30F630BE-B45A-46E9-87D2-F89AEF3060FD}.Debug|Any CPU.ActiveCfg = Debug|Any CPU
		{30F630BE-B45A-46E9-87D2-F89AEF3060FD}.Debug|Any CPU.Build.0 = Debug|Any CPU
		{30F630BE-B45A-46E9-87D2-F89AEF3060FD}.Release|Any CPU.ActiveCfg = Release|Any CPU
		{30F630BE-B45A-46E9-87D2-F89AEF3060FD}.Release|Any CPU.Build.0 = Release|Any CPU
		{087116CF-73E6-4A01-A894-9C869099B062}.Debug|Any CPU.ActiveCfg = Debug|Any CPU
		{087116CF-73E6-4A01-A894-9C869099B062}.Debug|Any CPU.Build.0 = Debug|Any CPU
		{087116CF-73E6-4A01-A894-9C869099B062}.Release|Any CPU.ActiveCfg = Release|Any CPU
		{087116CF-73E6-4A01-A894-9C869099B062}.Release|Any CPU.Build.0 = Release|Any CPU
	EndGlobalSection
	GlobalSection(SolutionProperties) = preSolution
		HideSolutionNode = FALSE
	EndGlobalSection
	GlobalSection(ExtensibilityGlobals) = postSolution
		SolutionGuid = {1D5661F2-5305-4BA4-B79A-FCE9EB324AFB}
	EndGlobalSection
EndGlobal
